
Microsoft Visual Studio Solution File, Format Version 12.00
# Visual Studio Version 16
VisualStudioVersion = 16.0.31205.134
MinimumVisualStudioVersion = 10.0.40219.1
Project("{8BC9CEB8-8B4A-11D0-8D11-00A0C91BC942}") = "Perceptrons-Cpp", "Perceptrons-Cpp\Perceptrons-Cpp.vcxproj", "{9EB5AD68-0860-4343-BFF2-69A86643DFA6}"
EndProject
Project("{FAE04EC0-301F-11D3-BF4B-00C04F79EFBC}") = "Perceptrons-Cs", "Perceptrons-Cs\Perceptrons-Cs.csproj", "{7F9167F1-F545-439E-B014-ACB21D599AC7}"
EndProject
Global
	GlobalSection(SolutionConfigurationPlatforms) = preSolution
		Debug|Any CPU = Debug|Any CPU
		Debug|x64 = Debug|x64
		Debug|x86 = Debug|x86
		Release|Any CPU = Release|Any CPU
		Release|x64 = Release|x64
		Release|x86 = Release|x86
	EndGlobalSection
	GlobalSection(ProjectConfigurationPlatforms) = postSolution
		{9EB5AD68-0860-4343-BFF2-69A86643DFA6}.Debug|Any CPU.ActiveCfg = Debug|Win32
		{9EB5AD68-0860-4343-BFF2-69A86643DFA6}.Debug|x64.ActiveCfg = Debug|x64
		{9EB5AD68-0860-4343-BFF2-69A86643DFA6}.Debug|x64.Build.0 = Debug|x64
		{9EB5AD68-0860-4343-BFF2-69A86643DFA6}.Debug|x86.ActiveCfg = Debug|Win32
		{9EB5AD68-0860-4343-BFF2-69A86643DFA6}.Debug|x86.Build.0 = Debug|Win32
		{9EB5AD68-0860-4343-BFF2-69A86643DFA6}.Release|Any CPU.ActiveCfg = Release|Win32
		{9EB5AD68-0860-4343-BFF2-69A86643DFA6}.Release|x64.ActiveCfg = Release|x64
		{9EB5AD68-0860-4343-BFF2-69A86643DFA6}.Release|x64.Build.0 = Release|x64
		{9EB5AD68-0860-4343-BFF2-69A86643DFA6}.Release|x86.ActiveCfg = Release|Win32
		{9EB5AD68-0860-4343-BFF2-69A86643DFA6}.Release|x86.Build.0 = Release|Win32
		{7F9167F1-F545-439E-B014-ACB21D599AC7}.Debug|Any CPU.ActiveCfg = Debug|Any CPU
		{7F9167F1-F545-439E-B014-ACB21D599AC7}.Debug|Any CPU.Build.0 = Debug|Any CPU
		{7F9167F1-F545-439E-B014-ACB21D599AC7}.Debug|x64.ActiveCfg = Debug|Any CPU
		{7F9167F1-F545-439E-B014-ACB21D599AC7}.Debug|x64.Build.0 = Debug|Any CPU
		{7F9167F1-F545-439E-B014-ACB21D599AC7}.Debug|x86.ActiveCfg = Debug|Any CPU
		{7F9167F1-F545-439E-B014-ACB21D599AC7}.Debug|x86.Build.0 = Debug|Any CPU
		{7F9167F1-F545-439E-B014-ACB21D599AC7}.Release|Any CPU.ActiveCfg = Release|Any CPU
		{7F9167F1-F545-439E-B014-ACB21D599AC7}.Release|Any CPU.Build.0 = Release|Any CPU
		{7F9167F1-F545-439E-B014-ACB21D599AC7}.Release|x64.ActiveCfg = Release|Any CPU
		{7F9167F1-F545-439E-B014-ACB21D599AC7}.Release|x64.Build.0 = Release|Any CPU
		{7F9167F1-F545-439E-B014-ACB21D599AC7}.Release|x86.ActiveCfg = Release|Any CPU
		{7F9167F1-F545-439E-B014-ACB21D599AC7}.Release|x86.Build.0 = Release|Any CPU
	EndGlobalSection
	GlobalSection(SolutionProperties) = preSolution
		HideSolutionNode = FALSE
	EndGlobalSection
	GlobalSection(ExtensibilityGlobals) = postSolution
		SolutionGuid = {3B2151A0-5965-4AB4-8BC2-55EF6CE0EF81}
	EndGlobalSection
EndGlobal
